{
  "name": "container",
  "version": "0.0.0",
  "lockfileVersion": 2,
  "requires": true,
  "packages": {
    "": {
      "name": "container",
      "version": "0.0.0",
      "dependencies": {
        "unocss": "^0.46.5",
        "vue": "^3.2.41",
        "vue-router": "^4.1.6"
      },
      "devDependencies": {
        "@types/node": "^18.11.9",
        "@vitejs/plugin-vue": "^3.2.0",
        "@vitejs/plugin-vue-jsx": "^2.1.1",
        "pinia": "^2.0.24",
        "qiankun": "^2.8.4",
        "typescript": "^4.6.4",
        "vite": "^3.2.3",
        "vue-tsc": "^1.0.9"
      }
    },
    "../../node_modules/.pnpm/@vitejs+plugin-vue-jsx@2.1.1_vite@3.2.4+vue@3.2.45/node_modules/@vitejs/plugin-vue-jsx": {
      "version": "2.1.1",
      "dev": true,
      "license": "MIT",
      "dependencies": {
        "@babel/core": "^7.19.6",
        "@babel/plugin-transform-typescript": "^7.20.0",
        "@vue/babel-plugin-jsx": "^1.1.1"
      },
      "devDependencies": {
        "vite": "workspace:*"
      },
      "engines": {
        "node": "^14.18.0 || >=16.0.0"
      },
      "peerDependencies": {
        "vite": "^3.0.0",
        "vue": "^3.0.0"
      }
    },
    "../../node_modules/.pnpm/@vitejs+plugin-vue@3.2.0_vite@3.2.4+vue@3.2.45/node_modules/@vitejs/plugin-vue": {
      "version": "3.2.0",
      "dev": true,
      "license": "MIT",
      "devDependencies": {
        "@jridgewell/gen-mapping": "^0.3.2",
        "@jridgewell/trace-mapping": "^0.3.17",
        "debug": "^4.3.4",
        "rollup": "^2.79.1",
        "slash": "^5.0.0",
        "source-map": "^0.6.1",
        "vite": "workspace:*",
        "vue": "^3.2.41"
      },
      "engines": {
        "node": "^14.18.0 || >=16.0.0"
      },
      "peerDependencies": {
        "vite": "^3.0.0",
        "vue": "^3.2.25"
      }
    },
    "../../node_modules/.pnpm/pinia@2.0.24_mgnvym7yiazkylwwogi5r767ue/node_modules/pinia": {
      "version": "2.0.24",
      "dev": true,
      "license": "MIT",
      "dependencies": {
        "@vue/devtools-api": "^6.4.5",
        "vue-demi": "*"
      },
      "devDependencies": {
        "@microsoft/api-extractor": "7.28.6",
        "@vue/test-utils": "^2.2.1"
      },
      "funding": {
        "url": "https://github.com/sponsors/posva"
      },
      "peerDependencies": {
        "@vue/composition-api": "^1.4.0",
        "typescript": ">=4.4.4",
        "vue": "^2.6.14 || ^3.2.0"
      },
      "peerDependenciesMeta": {
        "@vue/composition-api": {
          "optional": true
        },
        "typescript": {
          "optional": true
        }
      }
    },
    "../../node_modules/.pnpm/qiankun@2.8.4/node_modules/qiankun": {
      "version": "2.8.4",
      "dev": true,
      "license": "MIT",
      "dependencies": {
        "@babel/runtime": "^7.10.5",
        "import-html-entry": "^1.14.0",
        "lodash": "^4.17.11",
        "single-spa": "^5.9.2"
      },
      "devDependencies": {
        "@types/jest": "^25.1.4",
        "@types/lodash": "^4.14.129",
        "@types/vfile-message": "1.x",
        "@umijs/fabric": "^2.0.7",
        "babel-plugin-import": "^1.12.1",
        "cross-env": "^7.0.2",
        "dumi": "^1.1.0-beta.24",
        "father-build": "^1.7.0",
        "globals": "^13.17.0",
        "husky": "^2.3.0",
        "jest": "^25.2.2",
        "levenary": "^1.1.1",
        "lint-staged": "^10.5.4",
        "np": "^5.0.3",
        "npm-run-all": "^4.1.5",
        "prettier": "^2.1.2",
        "rimraf": "^3.0.0",
        "ts-jest": "^25.2.1",
        "typescript": "^4.8.2",
        "umi-plugin-hire": "^1.0.3"
      }
    },
    "../../node_modules/.pnpm/typescript@4.9.3/node_modules/typescript": {
      "version": "4.9.3",
      "dev": true,
      "license": "Apache-2.0",
      "bin": {
        "tsc": "bin/tsc",
        "tsserver": "bin/tsserver"
      },
      "devDependencies": {
        "@octokit/rest": "latest",
        "@types/chai": "latest",
        "@types/fancy-log": "^2.0.0",
        "@types/fs-extra": "^9.0.13",
        "@types/glob": "latest",
        "@types/gulp": "^4.0.9",
        "@types/gulp-concat": "latest",
        "@types/gulp-newer": "latest",
        "@types/gulp-rename": "latest",
        "@types/gulp-sourcemaps": "latest",
        "@types/merge2": "latest",
        "@types/microsoft__typescript-etw": "latest",
        "@types/minimist": "latest",
        "@types/mkdirp": "latest",
        "@types/mocha": "latest",
        "@types/ms": "latest",
        "@types/node": "latest",
        "@types/source-map-support": "latest",
        "@types/which": "^2.0.1",
        "@types/xml2js": "^0.4.11",
        "@typescript-eslint/eslint-plugin": "^5.33.1",
        "@typescript-eslint/parser": "^5.33.1",
        "@typescript-eslint/utils": "^5.33.1",
        "azure-devops-node-api": "^11.2.0",
        "chai": "latest",
        "chalk": "^4.1.2",
        "del": "^6.1.1",
        "diff": "^5.1.0",
        "eslint": "^8.22.0",
        "eslint-formatter-autolinkable-stylish": "^1.2.0",
        "eslint-plugin-import": "^2.26.0",
        "eslint-plugin-jsdoc": "^39.3.6",
        "eslint-plugin-local": "^1.0.0",
        "eslint-plugin-no-null": "^1.0.2",
        "fancy-log": "latest",
        "fs-extra": "^9.1.0",
        "glob": "latest",
        "gulp": "^4.0.2",
        "gulp-concat": "latest",
        "gulp-insert": "latest",
        "gulp-newer": "latest",
        "gulp-rename": "latest",
        "gulp-sourcemaps": "latest",
        "merge2": "latest",
        "minimist": "latest",
        "mkdirp": "latest",
        "mocha": "latest",
        "mocha-fivemat-progress-reporter": "latest",
        "ms": "^2.1.3",
        "node-fetch": "^3.2.10",
        "source-map-support": "latest",
        "typescript": "^4.8.4",
        "vinyl": "latest",
        "which": "^2.0.2",
        "xml2js": "^0.4.23"
      },
      "engines": {
        "node": ">=4.2.0"
      }
    },
    "../../node_modules/.pnpm/unocss@0.46.5_vite@3.2.4/node_modules/unocss": {
      "version": "0.46.5",
      "license": "MIT",
      "dependencies": {
        "@unocss/astro": "0.46.5",
        "@unocss/cli": "0.46.5",
        "@unocss/core": "0.46.5",
        "@unocss/preset-attributify": "0.46.5",
        "@unocss/preset-icons": "0.46.5",
        "@unocss/preset-mini": "0.46.5",
        "@unocss/preset-tagify": "0.46.5",
        "@unocss/preset-typography": "0.46.5",
        "@unocss/preset-uno": "0.46.5",
        "@unocss/preset-web-fonts": "0.46.5",
        "@unocss/preset-wind": "0.46.5",
        "@unocss/reset": "0.46.5",
        "@unocss/transformer-attributify-jsx": "0.46.5",
        "@unocss/transformer-compile-class": "0.46.5",
        "@unocss/transformer-directives": "0.46.5",
        "@unocss/transformer-variant-group": "0.46.5",
        "@unocss/vite": "0.46.5"
      },
      "devDependencies": {
        "@unocss/webpack": "0.46.5"
      },
      "engines": {
        "node": ">=14"
      },
      "funding": {
        "url": "https://github.com/sponsors/antfu"
      },
      "peerDependencies": {
        "@unocss/webpack": "0.46.5"
      },
      "peerDependenciesMeta": {
        "@unocss/webpack": {
          "optional": true
        }
      }
    },
    "../../node_modules/.pnpm/vite@3.2.4/node_modules/vite": {
      "version": "3.2.4",
      "dev": true,
      "license": "MIT",
      "dependencies": {
        "esbuild": "^0.15.9",
        "postcss": "^8.4.18",
        "resolve": "^1.22.1",
        "rollup": "^2.79.1"
      },
      "bin": {
        "vite": "bin/vite.js"
      },
      "devDependencies": {
        "@ampproject/remapping": "^2.2.0",
        "@babel/parser": "^7.20.0",
        "@babel/types": "^7.20.0",
        "@jridgewell/trace-mapping": "^0.3.17",
        "@rollup/plugin-alias": "^4.0.2",
        "@rollup/plugin-commonjs": "^23.0.2",
        "@rollup/plugin-dynamic-import-vars": "^2.0.1",
        "@rollup/plugin-json": "^4.1.0",
        "@rollup/plugin-node-resolve": "14.1.0",
        "@rollup/plugin-typescript": "^8.5.0",
        "@rollup/pluginutils": "^4.2.1",
        "acorn": "^8.8.1",
        "cac": "^6.7.14",
        "chokidar": "^3.5.3",
        "connect": "^3.7.0",
        "connect-history-api-fallback": "^2.0.0",
        "convert-source-map": "^1.9.0",
        "cors": "^2.8.5",
        "cross-spawn": "^7.0.3",
        "debug": "^4.3.4",
        "dep-types": "link:./src/types",
        "dotenv": "^14.3.2",
        "dotenv-expand": "^5.1.0",
        "es-module-lexer": "^1.1.0",
        "estree-walker": "^3.0.1",
        "etag": "^1.8.1",
        "fast-glob": "^3.2.12",
        "http-proxy": "^1.18.1",
        "json5": "^2.2.1",
        "launch-editor-middleware": "^2.6.0",
        "magic-string": "^0.26.7",
        "micromatch": "^4.0.5",
        "mlly": "^0.5.16",
        "mrmime": "^1.0.1",
        "okie": "^1.0.1",
        "open": "^8.4.0",
        "parse5": "^7.1.1",
        "periscopic": "^3.0.4",
        "picocolors": "^1.0.0",
        "picomatch": "^2.3.1",
        "postcss-import": "^15.0.0",
        "postcss-load-config": "^4.0.1",
        "postcss-modules": "^5.0.0",
        "resolve.exports": "^1.1.0",
        "sirv": "^2.0.2",
        "source-map-js": "^1.0.2",
        "source-map-support": "^0.5.21",
        "strip-ansi": "^7.0.1",
        "strip-literal": "^0.4.2",
        "tsconfck": "^2.0.1",
        "tslib": "^2.4.0",
        "types": "link:./types",
        "ufo": "^0.8.6",
        "ws": "^8.10.0"
      },
      "engines": {
        "node": "^14.18.0 || >=16.0.0"
      },
      "optionalDependencies": {
        "fsevents": "~2.3.2"
      },
      "peerDependencies": {
        "@types/node": ">= 14",
        "less": "*",
        "sass": "*",
        "stylus": "*",
        "sugarss": "*",
        "terser": "^5.4.0"
      },
      "peerDependenciesMeta": {
        "@types/node": {
          "optional": true
        },
        "less": {
          "optional": true
        },
        "sass": {
          "optional": true
        },
        "stylus": {
          "optional": true
        },
        "sugarss": {
          "optional": true
        },
        "terser": {
          "optional": true
        }
      }
    },
    "../../node_modules/.pnpm/vue-router@4.1.6_vue@3.2.45/node_modules/vue-router": {
      "version": "4.1.6",
      "license": "MIT",
      "dependencies": {
        "@vue/devtools-api": "^6.4.5"
      },
      "devDependencies": {
        "@microsoft/api-extractor": "^7.29.2",
        "@rollup/plugin-alias": "^3.1.4",
        "@rollup/plugin-commonjs": "^22.0.2",
        "@rollup/plugin-node-resolve": "^13.0.5",
        "@rollup/plugin-replace": "^4.0.0",
        "@sucrase/jest-plugin": "^2.1.1",
        "@types/jest": "^27.4.1",
        "@types/jsdom": "^16.2.13",
        "@types/nightwatch": "^2.3.12",
        "@vitejs/plugin-vue": "^2.3.3",
        "@vue/compiler-sfc": "^3.2.41",
        "@vue/server-renderer": "^3.2.41",
        "@vue/test-utils": "^2.2.0",
        "browserstack-local": "^1.4.5",
        "chromedriver": "^106.0.1",
        "connect-history-api-fallback": "^1.6.0",
        "conventional-changelog-cli": "^2.1.1",
        "dotenv": "^16.0.3",
        "faked-promise": "^2.2.2",
        "geckodriver": "^3.2.0",
        "jest": "^27.5.1",
        "jest-mock-warn": "^1.1.0",
        "nightwatch": "^2.4.1",
        "nightwatch-helpers": "^1.2.0",
        "rimraf": "^3.0.2",
        "rollup": "^2.78.0",
        "rollup-plugin-analyzer": "^4.0.0",
        "rollup-plugin-terser": "^7.0.2",
        "rollup-plugin-typescript2": "^0.32.1",
        "typescript": "~4.7.4",
        "vite": "^3.1.8",
        "vue": "^3.2.41"
      },
      "funding": {
        "url": "https://github.com/sponsors/posva"
      },
      "peerDependencies": {
        "vue": "^3.2.0"
      }
    },
    "../../node_modules/.pnpm/vue-tsc@1.0.9_typescript@4.9.3/node_modules/vue-tsc": {
      "version": "1.0.9",
      "dev": true,
      "license": "MIT",
      "dependencies": {
        "@volar/vue-language-core": "1.0.9",
        "@volar/vue-typescript": "1.0.9"
      },
      "bin": {
        "vue-tsc": "bin/vue-tsc.js"
      },
      "peerDependencies": {
        "typescript": "*"
      }
    },
    "../../node_modules/.pnpm/vue@3.2.45/node_modules/vue": {
      "version": "3.2.45",
      "license": "MIT",
      "dependencies": {
        "@vue/compiler-dom": "3.2.45",
        "@vue/compiler-sfc": "3.2.45",
        "@vue/runtime-dom": "3.2.45",
        "@vue/server-renderer": "3.2.45",
        "@vue/shared": "3.2.45"
      }
    },
    "node_modules/@types/node": {
      "version": "18.11.9",
      "resolved": "http://192.168.1.101:8081/repository/npm-all/@types/node/-/node-18.11.9.tgz",
      "integrity": "sha512-CRpX21/kGdzjOpFsZSkcrXMGIBWMGNIHXXBVFSH+ggkftxg+XYP20TESbh+zFvFj3EQOl5byk0HTRn1IL6hbqg==",
      "dev": true,
      "license": "MIT"
    },
    "node_modules/@vitejs/plugin-vue": {
      "resolved": "../../node_modules/.pnpm/@vitejs+plugin-vue@3.2.0_vite@3.2.4+vue@3.2.45/node_modules/@vitejs/plugin-vue",
      "link": true
    },
    "node_modules/@vitejs/plugin-vue-jsx": {
      "resolved": "../../node_modules/.pnpm/@vitejs+plugin-vue-jsx@2.1.1_vite@3.2.4+vue@3.2.45/node_modules/@vitejs/plugin-vue-jsx",
      "link": true
    },
    "node_modules/pinia": {
      "resolved": "../../node_modules/.pnpm/pinia@2.0.24_mgnvym7yiazkylwwogi5r767ue/node_modules/pinia",
      "link": true
    },
    "node_modules/qiankun": {
      "resolved": "../../node_modules/.pnpm/qiankun@2.8.4/node_modules/qiankun",
      "link": true
    },
    "node_modules/typescript": {
      "resolved": "../../node_modules/.pnpm/typescript@4.9.3/node_modules/typescript",
      "link": true
    },
    "node_modules/unocss": {
      "resolved": "../../node_modules/.pnpm/unocss@0.46.5_vite@3.2.4/node_modules/unocss",
      "link": true
    },
    "node_modules/vite": {
      "resolved": "../../node_modules/.pnpm/vite@3.2.4/node_modules/vite",
      "link": true
    },
    "node_modules/vue": {
      "resolved": "../../node_modules/.pnpm/vue@3.2.45/node_modules/vue",
      "link": true
    },
    "node_modules/vue-router": {
      "resolved": "../../node_modules/.pnpm/vue-router@4.1.6_vue@3.2.45/node_modules/vue-router",
      "link": true
    },
    "node_modules/vue-tsc": {
      "resolved": "../../node_modules/.pnpm/vue-tsc@1.0.9_typescript@4.9.3/node_modules/vue-tsc",
      "link": true
    }
  },
  "dependencies": {
    "@types/node": {
      "version": "18.11.9",
      "resolved": "http://192.168.1.101:8081/repository/npm-all/@types/node/-/node-18.11.9.tgz",
      "integrity": "sha512-CRpX21/kGdzjOpFsZSkcrXMGIBWMGNIHXXBVFSH+ggkftxg+XYP20TESbh+zFvFj3EQOl5byk0HTRn1IL6hbqg==",
      "dev": true
    },
    "@vitejs/plugin-vue": {
      "version": "file:../../node_modules/.pnpm/@vitejs+plugin-vue@3.2.0_vite@3.2.4+vue@3.2.45/node_modules/@vitejs/plugin-vue",
      "requires": {
        "@jridgewell/gen-mapping": "^0.3.2",
        "@jridgewell/trace-mapping": "^0.3.17",
        "debug": "^4.3.4",
        "rollup": "^2.79.1",
        "slash": "^5.0.0",
        "source-map": "^0.6.1",
        "vite": "workspace:*",
        "vue": "^3.2.41"
      }
    },
    "@vitejs/plugin-vue-jsx": {
      "version": "file:../../node_modules/.pnpm/@vitejs+plugin-vue-jsx@2.1.1_vite@3.2.4+vue@3.2.45/node_modules/@vitejs/plugin-vue-jsx",
      "requires": {
        "@babel/core": "^7.19.6",
        "@babel/plugin-transform-typescript": "^7.20.0",
        "@vue/babel-plugin-jsx": "^1.1.1",
        "vite": "workspace:*"
      }
    },
    "pinia": {
      "version": "file:../../node_modules/.pnpm/pinia@2.0.24_mgnvym7yiazkylwwogi5r767ue/node_modules/pinia",
      "requires": {
        "@microsoft/api-extractor": "7.28.6",
        "@vue/devtools-api": "^6.4.5",
        "@vue/test-utils": "^2.2.1",
        "vue-demi": "*"
      }
    },
    "qiankun": {
      "version": "file:../../node_modules/.pnpm/qiankun@2.8.4/node_modules/qiankun",
      "requires": {
        "@babel/runtime": "^7.10.5",
        "@types/jest": "^25.1.4",
        "@types/lodash": "^4.14.129",
        "@types/vfile-message": "1.x",
        "@umijs/fabric": "^2.0.7",
        "babel-plugin-import": "^1.12.1",
        "cross-env": "^7.0.2",
        "dumi": "^1.1.0-beta.24",
        "father-build": "^1.7.0",
        "globals": "^13.17.0",
        "husky": "^2.3.0",
        "import-html-entry": "^1.14.0",
        "jest": "^25.2.2",
        "levenary": "^1.1.1",
        "lint-staged": "^10.5.4",
        "lodash": "^4.17.11",
        "np": "^5.0.3",
        "npm-run-all": "^4.1.5",
        "prettier": "^2.1.2",
        "rimraf": "^3.0.0",
        "single-spa": "^5.9.2",
        "ts-jest": "^25.2.1",
        "typescript": "^4.8.2",
        "umi-plugin-hire": "^1.0.3"
      }
    },
    "typescript": {
      "version": "file:../../node_modules/.pnpm/typescript@4.9.3/node_modules/typescript",
      "requires": {
        "@octokit/rest": "latest",
        "@types/chai": "latest",
        "@types/fancy-log": "^2.0.0",
        "@types/fs-extra": "^9.0.13",
        "@types/glob": "latest",
        "@types/gulp": "^4.0.9",
        "@types/gulp-concat": "latest",
        "@types/gulp-newer": "latest",
        "@types/gulp-rename": "latest",
        "@types/gulp-sourcemaps": "latest",
        "@types/merge2": "latest",
        "@types/microsoft__typescript-etw": "latest",
        "@types/minimist": "latest",
        "@types/mkdirp": "latest",
        "@types/mocha": "latest",
        "@types/ms": "latest",
        "@types/node": "latest",
        "@types/source-map-support": "latest",
        "@types/which": "^2.0.1",
        "@types/xml2js": "^0.4.11",
        "@typescript-eslint/eslint-plugin": "^5.33.1",
        "@typescript-eslint/parser": "^5.33.1",
        "@typescript-eslint/utils": "^5.33.1",
        "azure-devops-node-api": "^11.2.0",
        "chai": "latest",
        "chalk": "^4.1.2",
        "del": "^6.1.1",
        "diff": "^5.1.0",
        "eslint": "^8.22.0",
        "eslint-formatter-autolinkable-stylish": "^1.2.0",
        "eslint-plugin-import": "^2.26.0",
        "eslint-plugin-jsdoc": "^39.3.6",
        "eslint-plugin-local": "^1.0.0",
        "eslint-plugin-no-null": "^1.0.2",
        "fancy-log": "latest",
        "fs-extra": "^9.1.0",
        "glob": "latest",
        "gulp": "^4.0.2",
        "gulp-concat": "latest",
        "gulp-insert": "latest",
        "gulp-newer": "latest",
        "gulp-rename": "latest",
        "gulp-sourcemaps": "latest",
        "merge2": "latest",
        "minimist": "latest",
        "mkdirp": "latest",
        "mocha": "latest",
        "mocha-fivemat-progress-reporter": "latest",
        "ms": "^2.1.3",
        "node-fetch": "^3.2.10",
        "source-map-support": "latest",
        "typescript": "^4.8.4",
        "vinyl": "latest",
        "which": "^2.0.2",
        "xml2js": "^0.4.23"
      }
    },
    "unocss": {
      "version": "file:../../node_modules/.pnpm/unocss@0.46.5_vite@3.2.4/node_modules/unocss",
      "requires": {
        "@unocss/astro": "0.46.5",
        "@unocss/cli": "0.46.5",
        "@unocss/core": "0.46.5",
        "@unocss/preset-attributify": "0.46.5",
        "@unocss/preset-icons": "0.46.5",
        "@unocss/preset-mini": "0.46.5",
        "@unocss/preset-tagify": "0.46.5",
        "@unocss/preset-typography": "0.46.5",
        "@unocss/preset-uno": "0.46.5",
        "@unocss/preset-web-fonts": "0.46.5",
        "@unocss/preset-wind": "0.46.5",
        "@unocss/reset": "0.46.5",
        "@unocss/transformer-attributify-jsx": "0.46.5",
        "@unocss/transformer-compile-class": "0.46.5",
        "@unocss/transformer-directives": "0.46.5",
        "@unocss/transformer-variant-group": "0.46.5",
        "@unocss/vite": "0.46.5",
        "@unocss/webpack": "0.46.5"
      }
    },
    "vite": {
      "version": "file:../../node_modules/.pnpm/vite@3.2.4/node_modules/vite",
      "requires": {
        "@ampproject/remapping": "^2.2.0",
        "@babel/parser": "^7.20.0",
        "@babel/types": "^7.20.0",
        "@jridgewell/trace-mapping": "^0.3.17",
        "@rollup/plugin-alias": "^4.0.2",
        "@rollup/plugin-commonjs": "^23.0.2",
        "@rollup/plugin-dynamic-import-vars": "^2.0.1",
        "@rollup/plugin-json": "^4.1.0",
        "@rollup/plugin-node-resolve": "14.1.0",
        "@rollup/plugin-typescript": "^8.5.0",
        "@rollup/pluginutils": "^4.2.1",
        "acorn": "^8.8.1",
        "cac": "^6.7.14",
        "chokidar": "^3.5.3",
        "connect": "^3.7.0",
        "connect-history-api-fallback": "^2.0.0",
        "convert-source-map": "^1.9.0",
        "cors": "^2.8.5",
        "cross-spawn": "^7.0.3",
        "debug": "^4.3.4",
        "dep-types": "link:./src/types",
        "dotenv": "^14.3.2",
        "dotenv-expand": "^5.1.0",
        "es-module-lexer": "^1.1.0",
        "esbuild": "^0.15.9",
        "estree-walker": "^3.0.1",
        "etag": "^1.8.1",
        "fast-glob": "^3.2.12",
        "fsevents": "~2.3.2",
        "http-proxy": "^1.18.1",
        "json5": "^2.2.1",
        "launch-editor-middleware": "^2.6.0",
        "magic-string": "^0.26.7",
        "micromatch": "^4.0.5",
        "mlly": "^0.5.16",
        "mrmime": "^1.0.1",
        "okie": "^1.0.1",
        "open": "^8.4.0",
        "parse5": "^7.1.1",
        "periscopic": "^3.0.4",
        "picocolors": "^1.0.0",
        "picomatch": "^2.3.1",
        "postcss": "^8.4.18",
        "postcss-import": "^15.0.0",
        "postcss-load-config": "^4.0.1",
        "postcss-modules": "^5.0.0",
        "resolve": "^1.22.1",
        "resolve.exports": "^1.1.0",
        "rollup": "^2.79.1",
        "sirv": "^2.0.2",
        "source-map-js": "^1.0.2",
        "source-map-support": "^0.5.21",
        "strip-ansi": "^7.0.1",
        "strip-literal": "^0.4.2",
        "tsconfck": "^2.0.1",
        "tslib": "^2.4.0",
        "types": "link:./types",
        "ufo": "^0.8.6",
        "ws": "^8.10.0"
      }
    },
    "vue": {
      "version": "file:../../node_modules/.pnpm/vue@3.2.45/node_modules/vue",
      "requires": {
        "@vue/compiler-dom": "3.2.45",
        "@vue/compiler-sfc": "3.2.45",
        "@vue/runtime-dom": "3.2.45",
        "@vue/server-renderer": "3.2.45",
        "@vue/shared": "3.2.45"
      }
    },
    "vue-router": {
      "version": "file:../../node_modules/.pnpm/vue-router@4.1.6_vue@3.2.45/node_modules/vue-router",
      "requires": {
        "@microsoft/api-extractor": "^7.29.2",
        "@rollup/plugin-alias": "^3.1.4",
        "@rollup/plugin-commonjs": "^22.0.2",
        "@rollup/plugin-node-resolve": "^13.0.5",
        "@rollup/plugin-replace": "^4.0.0",
        "@sucrase/jest-plugin": "^2.1.1",
        "@types/jest": "^27.4.1",
        "@types/jsdom": "^16.2.13",
        "@types/nightwatch": "^2.3.12",
        "@vitejs/plugin-vue": "^2.3.3",
        "@vue/compiler-sfc": "^3.2.41",
        "@vue/devtools-api": "^6.4.5",
        "@vue/server-renderer": "^3.2.41",
        "@vue/test-utils": "^2.2.0",
        "browserstack-local": "^1.4.5",
        "chromedriver": "^106.0.1",
        "connect-history-api-fallback": "^1.6.0",
        "conventional-changelog-cli": "^2.1.1",
        "dotenv": "^16.0.3",
        "faked-promise": "^2.2.2",
        "geckodriver": "^3.2.0",
        "jest": "^27.5.1",
        "jest-mock-warn": "^1.1.0",
        "nightwatch": "^2.4.1",
        "nightwatch-helpers": "^1.2.0",
        "rimraf": "^3.0.2",
        "rollup": "^2.78.0",
        "rollup-plugin-analyzer": "^4.0.0",
        "rollup-plugin-terser": "^7.0.2",
        "rollup-plugin-typescript2": "^0.32.1",
        "typescript": "~4.7.4",
        "vite": "^3.1.8",
        "vue": "^3.2.41"
      }
    },
    "vue-tsc": {
      "version": "file:../../node_modules/.pnpm/vue-tsc@1.0.9_typescript@4.9.3/node_modules/vue-tsc",
      "requires": {
        "@volar/vue-language-core": "1.0.9",
        "@volar/vue-typescript": "1.0.9"
      }
    }
  }
}
